// !$*UTF8*$!
{
	archiveVersion = 1;
	classes = {
	};
	objectVersion = 56;
	objects = {

/* Begin PBXBuildFile section */
		A5735C362B561B1900F01654 /* AppDelegate.swift in Sources */ = {isa = PBXBuildFile; fileRef = A5735C352B561B1900F01654 /* AppDelegate.swift */; };
		A5735C382B561B1900F01654 /* SceneDelegate.swift in Sources */ = {isa = PBXBuildFile; fileRef = A5735C372B561B1900F01654 /* SceneDelegate.swift */; };
		A5735C3A2B561B1900F01654 /* ViewController.swift in Sources */ = {isa = PBXBuildFile; fileRef = A5735C392B561B1900F01654 /* ViewController.swift */; };
		A5735C3D2B561B1900F01654 /* Main.storyboard in Resources */ = {isa = PBXBuildFile; fileRef = A5735C3B2B561B1900F01654 /* Main.storyboard */; };
		A5735C3F2B561B1B00F01654 /* Assets.xcassets in Resources */ = {isa = PBXBuildFile; fileRef = A5735C3E2B561B1B00F01654 /* Assets.xcassets */; };
		A5735C422B561B1B00F01654 /* LaunchScreen.storyboard in Resources */ = {isa = PBXBuildFile; fileRef = A5735C402B561B1B00F01654 /* LaunchScreen.storyboard */; };
		A5735C4B2B561B2B00F01654 /* Alamofire in Frameworks */ = {isa = PBXBuildFile; productRef = A5735C4A2B561B2B00F01654 /* Alamofire */; };
		A5735C4D2B561B4F00F01654 /* LottoViewController.swift in Sources */ = {isa = PBXBuildFile; fileRef = A5735C4C2B561B4F00F01654 /* LottoViewController.swift */; };
		A5735C4F2B56218500F01654 /* MarketViewViewController.swift in Sources */ = {isa = PBXBuildFile; fileRef = A5735C4E2B56218500F01654 /* MarketViewViewController.swift */; };
		A5735C512B56577D00F01654 /* LottoAPIManager.swift in Sources */ = {isa = PBXBuildFile; fileRef = A5735C502B56577D00F01654 /* LottoAPIManager.swift */; };
		A59F841F2B576AED00F1BA27 /* BookViewController.swift in Sources */ = {isa = PBXBuildFile; fileRef = A59F841E2B576AED00F1BA27 /* BookViewController.swift */; };
		A59F84212B576C6400F1BA27 /* .gitignore in Resources */ = {isa = PBXBuildFile; fileRef = A59F84202B576C6300F1BA27 /* .gitignore */; };
		A59F84232B576D0700F1BA27 /* APIKey.swift in Sources */ = {isa = PBXBuildFile; fileRef = A59F84222B576D0700F1BA27 /* APIKey.swift */; };
		A59F842A2B57BF0100F1BA27 /* LanguageViewController.swift in Sources */ = {isa = PBXBuildFile; fileRef = A59F84292B57BF0100F1BA27 /* LanguageViewController.swift */; };
		A59F842C2B57BF6500F1BA27 /* LanguageTableViewCell.swift in Sources */ = {isa = PBXBuildFile; fileRef = A59F842B2B57BF6500F1BA27 /* LanguageTableViewCell.swift */; };
		A59F842E2B58087F00F1BA27 /* Language2ViewController.swift in Sources */ = {isa = PBXBuildFile; fileRef = A59F842D2B58087F00F1BA27 /* Language2ViewController.swift */; };
		A59F84302B5813B000F1BA27 /* BookCollectionViewCell.swift in Sources */ = {isa = PBXBuildFile; fileRef = A59F842F2B5813B000F1BA27 /* BookCollectionViewCell.swift */; };
		A59F84332B581AC600F1BA27 /* Kingfisher in Frameworks */ = {isa = PBXBuildFile; productRef = A59F84322B581AC600F1BA27 /* Kingfisher */; };
/* End PBXBuildFile section */

/* Begin PBXFileReference section */
		A5735C322B561B1900F01654 /* SeSACNetwork.app */ = {isa = PBXFileReference; explicitFileType = wrapper.application; includeInIndex = 0; path = SeSACNetwork.app; sourceTree = BUILT_PRODUCTS_DIR; };
		A5735C352B561B1900F01654 /* AppDelegate.swift */ = {isa = PBXFileReference; lastKnownFileType = sourcecode.swift; path = AppDelegate.swift; sourceTree = "<group>"; };
		A5735C372B561B1900F01654 /* SceneDelegate.swift */ = {isa = PBXFileReference; lastKnownFileType = sourcecode.swift; path = SceneDelegate.swift; sourceTree = "<group>"; };
		A5735C392B561B1900F01654 /* ViewController.swift */ = {isa = PBXFileReference; lastKnownFileType = sourcecode.swift; path = ViewController.swift; sourceTree = "<group>"; };
		A5735C3C2B561B1900F01654 /* Base */ = {isa = PBXFileReference; lastKnownFileType = file.storyboard; name = Base; path = Base.lproj/Main.storyboard; sourceTree = "<group>"; };
		A5735C3E2B561B1B00F01654 /* Assets.xcassets */ = {isa = PBXFileReference; lastKnownFileType = folder.assetcatalog; path = Assets.xcassets; sourceTree = "<group>"; };
		A5735C412B561B1B00F01654 /* Base */ = {isa = PBXFileReference; lastKnownFileType = file.storyboard; name = Base; path = Base.lproj/LaunchScreen.storyboard; sourceTree = "<group>"; };
		A5735C432B561B1B00F01654 /* Info.plist */ = {isa = PBXFileReference; lastKnownFileType = text.plist.xml; path = Info.plist; sourceTree = "<group>"; };
		A5735C4C2B561B4F00F01654 /* LottoViewController.swift */ = {isa = PBXFileReference; lastKnownFileType = sourcecode.swift; path = LottoViewController.swift; sourceTree = "<group>"; };
		A5735C4E2B56218500F01654 /* MarketViewViewController.swift */ = {isa = PBXFileReference; lastKnownFileType = sourcecode.swift; path = MarketViewViewController.swift; sourceTree = "<group>"; };
		A5735C502B56577D00F01654 /* LottoAPIManager.swift */ = {isa = PBXFileReference; lastKnownFileType = sourcecode.swift; path = LottoAPIManager.swift; sourceTree = "<group>"; };
		A59F841E2B576AED00F1BA27 /* BookViewController.swift */ = {isa = PBXFileReference; lastKnownFileType = sourcecode.swift; path = BookViewController.swift; sourceTree = "<group>"; };
		A59F84202B576C6300F1BA27 /* .gitignore */ = {isa = PBXFileReference; lastKnownFileType = text; path = .gitignore; sourceTree = "<group>"; };
		A59F84222B576D0700F1BA27 /* APIKey.swift */ = {isa = PBXFileReference; lastKnownFileType = sourcecode.swift; path = APIKey.swift; sourceTree = "<group>"; };
		A59F84292B57BF0100F1BA27 /* LanguageViewController.swift */ = {isa = PBXFileReference; lastKnownFileType = sourcecode.swift; path = LanguageViewController.swift; sourceTree = "<group>"; };
		A59F842B2B57BF6500F1BA27 /* LanguageTableViewCell.swift */ = {isa = PBXFileReference; lastKnownFileType = sourcecode.swift; path = LanguageTableViewCell.swift; sourceTree = "<group>"; };
		A59F842D2B58087F00F1BA27 /* Language2ViewController.swift */ = {isa = PBXFileReference; lastKnownFileType = sourcecode.swift; path = Language2ViewController.swift; sourceTree = "<group>"; };
		A59F842F2B5813B000F1BA27 /* BookCollectionViewCell.swift */ = {isa = PBXFileReference; lastKnownFileType = sourcecode.swift; path = BookCollectionViewCell.swift; sourceTree = "<group>"; };
/* End PBXFileReference section */

/* Begin PBXFrameworksBuildPhase section */
		A5735C2F2B561B1900F01654 /* Frameworks */ = {
			isa = PBXFrameworksBuildPhase;
			buildActionMask = 2147483647;
			files = (
				A59F84332B581AC600F1BA27 /* Kingfisher in Frameworks */,
				A5735C4B2B561B2B00F01654 /* Alamofire in Frameworks */,
			);
			runOnlyForDeploymentPostprocessing = 0;
		};
/* End PBXFrameworksBuildPhase section */

/* Begin PBXGroup section */
		A5735C292B561B1900F01654 = {
			isa = PBXGroup;
			children = (
				A59F84202B576C6300F1BA27 /* .gitignore */,
				A5735C342B561B1900F01654 /* SeSACNetwork */,
				A5735C332B561B1900F01654 /* Products */,
			);
			sourceTree = "<group>";
		};
		A5735C332B561B1900F01654 /* Products */ = {
			isa = PBXGroup;
			children = (
				A5735C322B561B1900F01654 /* SeSACNetwork.app */,
			);
			name = Products;
			sourceTree = "<group>";
		};
		A5735C342B561B1900F01654 /* SeSACNetwork */ = {
			isa = PBXGroup;
			children = (
				A59F84242B576E2F00F1BA27 /* Resource */,
				A59F84252B57BE3B00F1BA27 /* Papago */,
				A59F84262B57BE5800F1BA27 /* Lotto */,
				A59F84272B57BE6D00F1BA27 /* Market */,
				A59F84282B57BE8300F1BA27 /* Book */,
				A5735C352B561B1900F01654 /* AppDelegate.swift */,
				A5735C372B561B1900F01654 /* SceneDelegate.swift */,
				A5735C3B2B561B1900F01654 /* Main.storyboard */,
				A5735C3E2B561B1B00F01654 /* Assets.xcassets */,
				A5735C402B561B1B00F01654 /* LaunchScreen.storyboard */,
				A5735C432B561B1B00F01654 /* Info.plist */,
			);
			path = SeSACNetwork;
			sourceTree = "<group>";
		};
		A59F84242B576E2F00F1BA27 /* Resource */ = {
			isa = PBXGroup;
			children = (
				A59F84222B576D0700F1BA27 /* APIKey.swift */,
			);
			path = Resource;
			sourceTree = "<group>";
		};
		A59F84252B57BE3B00F1BA27 /* Papago */ = {
			isa = PBXGroup;
			children = (
				A5735C392B561B1900F01654 /* ViewController.swift */,
				A59F84292B57BF0100F1BA27 /* LanguageViewController.swift */,
				A59F842D2B58087F00F1BA27 /* Language2ViewController.swift */,
				A59F842B2B57BF6500F1BA27 /* LanguageTableViewCell.swift */,
			);
			path = Papago;
			sourceTree = "<group>";
		};
		A59F84262B57BE5800F1BA27 /* Lotto */ = {
			isa = PBXGroup;
			children = (
				A5735C4C2B561B4F00F01654 /* LottoViewController.swift */,
				A5735C502B56577D00F01654 /* LottoAPIManager.swift */,
			);
			path = Lotto;
			sourceTree = "<group>";
		};
		A59F84272B57BE6D00F1BA27 /* Market */ = {
			isa = PBXGroup;
			children = (
				A5735C4E2B56218500F01654 /* MarketViewViewController.swift */,
			);
			path = Market;
			sourceTree = "<group>";
		};
		A59F84282B57BE8300F1BA27 /* Book */ = {
			isa = PBXGroup;
			children = (
				A59F841E2B576AED00F1BA27 /* BookViewController.swift */,
				A59F842F2B5813B000F1BA27 /* BookCollectionViewCell.swift */,
			);
			path = Book;
			sourceTree = "<group>";
		};
/* End PBXGroup section */

/* Begin PBXNativeTarget section */
		A5735C312B561B1900F01654 /* SeSACNetwork */ = {
			isa = PBXNativeTarget;
			buildConfigurationList = A5735C462B561B1B00F01654 /* Build configuration list for PBXNativeTarget "SeSACNetwork" */;
			buildPhases = (
				A5735C2E2B561B1900F01654 /* Sources */,
				A5735C2F2B561B1900F01654 /* Frameworks */,
				A5735C302B561B1900F01654 /* Resources */,
			);
			buildRules = (
			);
			dependencies = (
			);
			name = SeSACNetwork;
			packageProductDependencies = (
				A5735C4A2B561B2B00F01654 /* Alamofire */,
				A59F84322B581AC600F1BA27 /* Kingfisher */,
			);
			productName = SeSACNetwork;
			productReference = A5735C322B561B1900F01654 /* SeSACNetwork.app */;
			productType = "com.apple.product-type.application";
		};
/* End PBXNativeTarget section */

/* Begin PBXProject section */
		A5735C2A2B561B1900F01654 /* Project object */ = {
			isa = PBXProject;
			attributes = {
				BuildIndependentTargetsInParallel = 1;
				LastSwiftUpdateCheck = 1520;
				LastUpgradeCheck = 1520;
				TargetAttributes = {
					A5735C312B561B1900F01654 = {
						CreatedOnToolsVersion = 15.2;
					};
				};
			};
			buildConfigurationList = A5735C2D2B561B1900F01654 /* Build configuration list for PBXProject "SeSACNetwork" */;
			compatibilityVersion = "Xcode 14.0";
			developmentRegion = en;
			hasScannedForEncodings = 0;
			knownRegions = (
				en,
				Base,
			);
			mainGroup = A5735C292B561B1900F01654;
			packageReferences = (
				A5735C492B561B2B00F01654 /* XCRemoteSwiftPackageReference "Alamofire" */,
				A59F84312B581AC600F1BA27 /* XCRemoteSwiftPackageReference "Kingfisher" */,
			);
			productRefGroup = A5735C332B561B1900F01654 /* Products */;
			projectDirPath = "";
			projectRoot = "";
			targets = (
				A5735C312B561B1900F01654 /* SeSACNetwork */,
			);
		};
/* End PBXProject section */

/* Begin PBXResourcesBuildPhase section */
		A5735C302B561B1900F01654 /* Resources */ = {
			isa = PBXResourcesBuildPhase;
			buildActionMask = 2147483647;
			files = (
				A59F84212B576C6400F1BA27 /* .gitignore in Resources */,
				A5735C422B561B1B00F01654 /* LaunchScreen.storyboard in Resources */,
				A5735C3F2B561B1B00F01654 /* Assets.xcassets in Resources */,
				A5735C3D2B561B1900F01654 /* Main.storyboard in Resources */,
			);
			runOnlyForDeploymentPostprocessing = 0;
		};
/* End PBXResourcesBuildPhase section */

/* Begin PBXSourcesBuildPhase section */
		A5735C2E2B561B1900F01654 /* Sources */ = {
			isa = PBXSourcesBuildPhase;
			buildActionMask = 2147483647;
			files = (
				A5735C3A2B561B1900F01654 /* ViewController.swift in Sources */,
				A5735C4D2B561B4F00F01654 /* LottoViewController.swift in Sources */,
				A59F842A2B57BF0100F1BA27 /* LanguageViewController.swift in Sources */,
				A59F84232B576D0700F1BA27 /* APIKey.swift in Sources */,
				A59F842E2B58087F00F1BA27 /* Language2ViewController.swift in Sources */,
				A5735C362B561B1900F01654 /* AppDelegate.swift in Sources */,
				A59F842C2B57BF6500F1BA27 /* LanguageTableViewCell.swift in Sources */,
				A59F841F2B576AED00F1BA27 /* BookViewController.swift in Sources */,
				A5735C4F2B56218500F01654 /* MarketViewViewController.swift in Sources */,
				A59F84302B5813B000F1BA27 /* BookCollectionViewCell.swift in Sources */,
				A5735C382B561B1900F01654 /* SceneDelegate.swift in Sources */,
				A5735C512B56577D00F01654 /* LottoAPIManager.swift in Sources */,
			);
			runOnlyForDeploymentPostprocessing = 0;
		};
/* End PBXSourcesBuildPhase section */

/* Begin PBXVariantGroup section */
		A5735C3B2B561B1900F01654 /* Main.storyboard */ = {
			isa = PBXVariantGroup;
			children = (
				A5735C3C2B561B1900F01654 /* Base */,
			);
			name = Main.storyboard;
			sourceTree = "<group>";
		};
		A5735C402B561B1B00F01654 /* LaunchScreen.storyboard */ = {
			isa = PBXVariantGroup;
			children = (
				A5735C412B561B1B00F01654 /* Base */,
			);
			name = LaunchScreen.storyboard;
			sourceTree = "<group>";
		};
/* End PBXVariantGroup section */

/* Begin XCBuildConfiguration section */
		A5735C442B561B1B00F01654 /* Debug */ = {
			isa = XCBuildConfiguration;
			buildSettings = {
				ALWAYS_SEARCH_USER_PATHS = NO;
				ASSETCATALOG_COMPILER_GENERATE_SWIFT_ASSET_SYMBOL_EXTENSIONS = YES;
				CLANG_ANALYZER_NONNULL = YES;
				CLANG_ANALYZER_NUMBER_OBJECT_CONVERSION = YES_AGGRESSIVE;
				CLANG_CXX_LANGUAGE_STANDARD = "gnu++20";
				CLANG_ENABLE_MODULES = YES;
				CLANG_ENABLE_OBJC_ARC = YES;
				CLANG_ENABLE_OBJC_WEAK = YES;
				CLANG_WARN_BLOCK_CAPTURE_AUTORELEASING = YES;
				CLANG_WARN_BOOL_CONVERSION = YES;
				CLANG_WARN_COMMA = YES;
				CLANG_WARN_CONSTANT_CONVERSION = YES;
				CLANG_WARN_DEPRECATED_OBJC_IMPLEMENTATIONS = YES;
				CLANG_WARN_DIRECT_OBJC_ISA_USAGE = YES_ERROR;
				CLANG_WARN_DOCUMENTATION_COMMENTS = YES;
				CLANG_WARN_EMPTY_BODY = YES;
				CLANG_WARN_ENUM_CONVERSION = YES;
				CLANG_WARN_INFINITE_RECURSION = YES;
				CLANG_WARN_INT_CONVERSION = YES;
				CLANG_WARN_NON_LITERAL_NULL_CONVERSION = YES;
				CLANG_WARN_OBJC_IMPLICIT_RETAIN_SELF = YES;
				CLANG_WARN_OBJC_LITERAL_CONVERSION = YES;
				CLANG_WARN_OBJC_ROOT_CLASS = YES_ERROR;
				CLANG_WARN_QUOTED_INCLUDE_IN_FRAMEWORK_HEADER = YES;
				CLANG_WARN_RANGE_LOOP_ANALYSIS = YES;
				CLANG_WARN_STRICT_PROTOTYPES = YES;
				CLANG_WARN_SUSPICIOUS_MOVE = YES;
				CLANG_WARN_UNGUARDED_AVAILABILITY = YES_AGGRESSIVE;
				CLANG_WARN_UNREACHABLE_CODE = YES;
				CLANG_WARN__DUPLICATE_METHOD_MATCH = YES;
				COPY_PHASE_STRIP = NO;
				DEBUG_INFORMATION_FORMAT = dwarf;
				ENABLE_STRICT_OBJC_MSGSEND = YES;
				ENABLE_TESTABILITY = YES;
				ENABLE_USER_SCRIPT_SANDBOXING = YES;
				GCC_C_LANGUAGE_STANDARD = gnu17;
				GCC_DYNAMIC_NO_PIC = NO;
				GCC_NO_COMMON_BLOCKS = YES;
				GCC_OPTIMIZATION_LEVEL = 0;
				GCC_PREPROCESSOR_DEFINITIONS = (
					"DEBUG=1",
					"$(inherited)",
				);
				GCC_WARN_64_TO_32_BIT_CONVERSION = YES;
				GCC_WARN_ABOUT_RETURN_TYPE = YES_ERROR;
				GCC_WARN_UNDECLARED_SELECTOR = YES;
				GCC_WARN_UNINITIALIZED_AUTOS = YES_AGGRESSIVE;
				GCC_WARN_UNUSED_FUNCTION = YES;
				GCC_WARN_UNUSED_VARIABLE = YES;
				IPHONEOS_DEPLOYMENT_TARGET = 17.2;
				LOCALIZATION_PREFERS_STRING_CATALOGS = YES;
				MTL_ENABLE_DEBUG_INFO = INCLUDE_SOURCE;
				MTL_FAST_MATH = YES;
				ONLY_ACTIVE_ARCH = YES;
				SDKROOT = iphoneos;
				SWIFT_ACTIVE_COMPILATION_CONDITIONS = "DEBUG $(inherited)";
				SWIFT_OPTIMIZATION_LEVEL = "-Onone";
			};
			name = Debug;
		};
		A5735C452B561B1B00F01654 /* Release */ = {
			isa = XCBuildConfiguration;
			buildSettings = {
				ALWAYS_SEARCH_USER_PATHS = NO;
				ASSETCATALOG_COMPILER_GENERATE_SWIFT_ASSET_SYMBOL_EXTENSIONS = YES;
				CLANG_ANALYZER_NONNULL = YES;
				CLANG_ANALYZER_NUMBER_OBJECT_CONVERSION = YES_AGGRESSIVE;
				CLANG_CXX_LANGUAGE_STANDARD = "gnu++20";
				CLANG_ENABLE_MODULES = YES;
				CLANG_ENABLE_OBJC_ARC = YES;
				CLANG_ENABLE_OBJC_WEAK = YES;
				CLANG_WARN_BLOCK_CAPTURE_AUTORELEASING = YES;
				CLANG_WARN_BOOL_CONVERSION = YES;
				CLANG_WARN_COMMA = YES;
				CLANG_WARN_CONSTANT_CONVERSION = YES;
				CLANG_WARN_DEPRECATED_OBJC_IMPLEMENTATIONS = YES;
				CLANG_WARN_DIRECT_OBJC_ISA_USAGE = YES_ERROR;
				CLANG_WARN_DOCUMENTATION_COMMENTS = YES;
				CLANG_WARN_EMPTY_BODY = YES;
				CLANG_WARN_ENUM_CONVERSION = YES;
				CLANG_WARN_INFINITE_RECURSION = YES;
				CLANG_WARN_INT_CONVERSION = YES;
				CLANG_WARN_NON_LITERAL_NULL_CONVERSION = YES;
				CLANG_WARN_OBJC_IMPLICIT_RETAIN_SELF = YES;
				CLANG_WARN_OBJC_LITERAL_CONVERSION = YES;
				CLANG_WARN_OBJC_ROOT_CLASS = YES_ERROR;
				CLANG_WARN_QUOTED_INCLUDE_IN_FRAMEWORK_HEADER = YES;
				CLANG_WARN_RANGE_LOOP_ANALYSIS = YES;
				CLANG_WARN_STRICT_PROTOTYPES = YES;
				CLANG_WARN_SUSPICIOUS_MOVE = YES;
				CLANG_WARN_UNGUARDED_AVAILABILITY = YES_AGGRESSIVE;
				CLANG_WARN_UNREACHABLE_CODE = YES;
				CLANG_WARN__DUPLICATE_METHOD_MATCH = YES;
				COPY_PHASE_STRIP = NO;
				DEBUG_INFORMATION_FORMAT = "dwarf-with-dsym";
				ENABLE_NS_ASSERTIONS = NO;
				ENABLE_STRICT_OBJC_MSGSEND = YES;
				ENABLE_USER_SCRIPT_SANDBOXING = YES;
				GCC_C_LANGUAGE_STANDARD = gnu17;
				GCC_NO_COMMON_BLOCKS = YES;
				GCC_WARN_64_TO_32_BIT_CONVERSION = YES;
				GCC_WARN_ABOUT_RETURN_TYPE = YES_ERROR;
				GCC_WARN_UNDECLARED_SELECTOR = YES;
				GCC_WARN_UNINITIALIZED_AUTOS = YES_AGGRESSIVE;
				GCC_WARN_UNUSED_FUNCTION = YES;
				GCC_WARN_UNUSED_VARIABLE = YES;
				IPHONEOS_DEPLOYMENT_TARGET = 17.2;
				LOCALIZATION_PREFERS_STRING_CATALOGS = YES;
				MTL_ENABLE_DEBUG_INFO = NO;
				MTL_FAST_MATH = YES;
				SDKROOT = iphoneos;
				SWIFT_COMPILATION_MODE = wholemodule;
				VALIDATE_PRODUCT = YES;
			};
			name = Release;
		};
		A5735C472B561B1B00F01654 /* Debug */ = {
			isa = XCBuildConfiguration;
			buildSettings = {
				ASSETCATALOG_COMPILER_APPICON_NAME = AppIcon;
				ASSETCATALOG_COMPILER_GLOBAL_ACCENT_COLOR_NAME = AccentColor;
				CODE_SIGN_STYLE = Automatic;
				CURRENT_PROJECT_VERSION = 1;
				DEVELOPMENT_TEAM = VRPU7TR7JK;
				GENERATE_INFOPLIST_FILE = YES;
				INFOPLIST_FILE = SeSACNetwork/Info.plist;
				INFOPLIST_KEY_UIApplicationSupportsIndirectInputEvents = YES;
				INFOPLIST_KEY_UILaunchStoryboardName = LaunchScreen;
				INFOPLIST_KEY_UIMainStoryboardFile = Main;
				INFOPLIST_KEY_UISupportedInterfaceOrientations_iPad = "UIInterfaceOrientationPortrait UIInterfaceOrientationPortraitUpsideDown UIInterfaceOrientationLandscapeLeft UIInterfaceOrientationLandscapeRight";
				INFOPLIST_KEY_UISupportedInterfaceOrientations_iPhone = "UIInterfaceOrientationPortrait UIInterfaceOrientationLandscapeLeft UIInterfaceOrientationLandscapeRight";
				LD_RUNPATH_SEARCH_PATHS = (
					"$(inherited)",
					"@executable_path/Frameworks",
				);
				MARKETING_VERSION = 1.0;
				PRODUCT_BUNDLE_IDENTIFIER = com.ungQ.SeSACNetwork;
				PRODUCT_NAME = "$(TARGET_NAME)";
				SWIFT_EMIT_LOC_STRINGS = YES;
				SWIFT_VERSION = 5.0;
				TARGETED_DEVICE_FAMILY = "1,2";
			};
			name = Debug;
		};
		A5735C482B561B1B00F01654 /* Release */ = {
			isa = XCBuildConfiguration;
			buildSettings = {
				ASSETCATALOG_COMPILER_APPICON_NAME = AppIcon;
				ASSETCATALOG_COMPILER_GLOBAL_ACCENT_COLOR_NAME = AccentColor;
				CODE_SIGN_STYLE = Automatic;
				CURRENT_PROJECT_VERSION = 1;
				DEVELOPMENT_TEAM = VRPU7TR7JK;
				GENERATE_INFOPLIST_FILE = YES;
				INFOPLIST_FILE = SeSACNetwork/Info.plist;
				INFOPLIST_KEY_UIApplicationSupportsIndirectInputEvents = YES;
				INFOPLIST_KEY_UILaunchStoryboardName = LaunchScreen;
				INFOPLIST_KEY_UIMainStoryboardFile = Main;
				INFOPLIST_KEY_UISupportedInterfaceOrientations_iPad = "UIInterfaceOrientationPortrait UIInterfaceOrientationPortraitUpsideDown UIInterfaceOrientationLandscapeLeft UIInterfaceOrientationLandscapeRight";
				INFOPLIST_KEY_UISupportedInterfaceOrientations_iPhone = "UIInterfaceOrientationPortrait UIInterfaceOrientationLandscapeLeft UIInterfaceOrientationLandscapeRight";
				LD_RUNPATH_SEARCH_PATHS = (
					"$(inherited)",
					"@executable_path/Frameworks",
				);
				MARKETING_VERSION = 1.0;
				PRODUCT_BUNDLE_IDENTIFIER = com.ungQ.SeSACNetwork;
				PRODUCT_NAME = "$(TARGET_NAME)";
				SWIFT_EMIT_LOC_STRINGS = YES;
				SWIFT_VERSION = 5.0;
				TARGETED_DEVICE_FAMILY = "1,2";
			};
			name = Release;
		};
/* End XCBuildConfiguration section */

/* Begin XCConfigurationList section */
		A5735C2D2B561B1900F01654 /* Build configuration list for PBXProject "SeSACNetwork" */ = {
			isa = XCConfigurationList;
			buildConfigurations = (
				A5735C442B561B1B00F01654 /* Debug */,
				A5735C452B561B1B00F01654 /* Release */,
			);
			defaultConfigurationIsVisible = 0;
			defaultConfigurationName = Release;
		};
		A5735C462B561B1B00F01654 /* Build configuration list for PBXNativeTarget "SeSACNetwork" */ = {
			isa = XCConfigurationList;
			buildConfigurations = (
				A5735C472B561B1B00F01654 /* Debug */,
				A5735C482B561B1B00F01654 /* Release */,
			);
			defaultConfigurationIsVisible = 0;
			defaultConfigurationName = Release;
		};
/* End XCConfigurationList section */

/* Begin XCRemoteSwiftPackageReference section */
		A5735C492B561B2B00F01654 /* XCRemoteSwiftPackageReference "Alamofire" */ = {
			isa = XCRemoteSwiftPackageReference;
			repositoryURL = "https://github.com/Alamofire/Alamofire.git";
			requirement = {
				kind = upToNextMajorVersion;
				minimumVersion = 5.8.1;
			};
		};
		A59F84312B581AC600F1BA27 /* XCRemoteSwiftPackageReference "Kingfisher" */ = {
			isa = XCRemoteSwiftPackageReference;
			repositoryURL = "https://github.com/onevcat/Kingfisher.git";
			requirement = {
				kind = upToNextMajorVersion;
				minimumVersion = 7.10.2;
			};
		};
/* End XCRemoteSwiftPackageReference section */

/* Begin XCSwiftPackageProductDependency section */
		A5735C4A2B561B2B00F01654 /* Alamofire */ = {
			isa = XCSwiftPackageProductDependency;
			package = A5735C492B561B2B00F01654 /* XCRemoteSwiftPackageReference "Alamofire" */;
			productName = Alamofire;
		};
		A59F84322B581AC600F1BA27 /* Kingfisher */ = {
			isa = XCSwiftPackageProductDependency;
			package = A59F84312B581AC600F1BA27 /* XCRemoteSwiftPackageReference "Kingfisher" */;
			productName = Kingfisher;
		};
/* End XCSwiftPackageProductDependency section */
	};
	rootObject = A5735C2A2B561B1900F01654 /* Project object */;
}
